// !$*UTF8*$!
{
	archiveVersion = 1;
	classes = {
	};
	objectVersion = 56;
	objects = {

/* Begin PBXBuildFile section */
		AD6952DC2BFA265900DADF50 /* AppDelegate.swift in Sources */ = {isa = PBXBuildFile; fileRef = AD6952DB2BFA265900DADF50 /* AppDelegate.swift */; };
		AD6952DE2BFA265900DADF50 /* SceneDelegate.swift in Sources */ = {isa = PBXBuildFile; fileRef = AD6952DD2BFA265900DADF50 /* SceneDelegate.swift */; };
		AD6952E52BFA265B00DADF50 /* Assets.xcassets in Resources */ = {isa = PBXBuildFile; fileRef = AD6952E42BFA265B00DADF50 /* Assets.xcassets */; };
		AD6952E82BFA265B00DADF50 /* Base in Resources */ = {isa = PBXBuildFile; fileRef = AD6952E72BFA265B00DADF50 /* Base */; };
		AD6952F62BFA2F8D00DADF50 /* Networker.swift in Sources */ = {isa = PBXBuildFile; fileRef = AD6952F52BFA2F8D00DADF50 /* Networker.swift */; };
		AD6952F82BFA300400DADF50 /* NetworkError.swift in Sources */ = {isa = PBXBuildFile; fileRef = AD6952F72BFA300400DADF50 /* NetworkError.swift */; };
		AD6952FB2BFA307300DADF50 /* NetworkFactory.swift in Sources */ = {isa = PBXBuildFile; fileRef = AD6952FA2BFA307300DADF50 /* NetworkFactory.swift */; };
		AD6952FE2BFA357900DADF50 /* Data+Extension.swift in Sources */ = {isa = PBXBuildFile; fileRef = AD6952FD2BFA357900DADF50 /* Data+Extension.swift */; };
		AD7DBDFC2C00BC0000403D38 /* MainTabBarViewController.swift in Sources */ = {isa = PBXBuildFile; fileRef = AD7DBDFB2C00BC0000403D38 /* MainTabBarViewController.swift */; };
		AD7DBDFF2C00BF6500403D38 /* TabBarCoordinator.swift in Sources */ = {isa = PBXBuildFile; fileRef = AD7DBDFE2C00BF6500403D38 /* TabBarCoordinator.swift */; };
		AD7DBE052C00C3BC00403D38 /* FavoriteViewController.swift in Sources */ = {isa = PBXBuildFile; fileRef = AD7DBE042C00C3BC00403D38 /* FavoriteViewController.swift */; };
		AD7DBE072C00C3D700403D38 /* SearchViewController.swift in Sources */ = {isa = PBXBuildFile; fileRef = AD7DBE062C00C3D700403D38 /* SearchViewController.swift */; };
		ADC52A352BFB769300299564 /* Coordinator.swift in Sources */ = {isa = PBXBuildFile; fileRef = ADC52A342BFB769300299564 /* Coordinator.swift */; };
		ADC52A382BFB77FE00299564 /* MainCoordinator.swift in Sources */ = {isa = PBXBuildFile; fileRef = ADC52A372BFB77FE00299564 /* MainCoordinator.swift */; };
		ADC52A3B2BFB78E300299564 /* HomeViewController.swift in Sources */ = {isa = PBXBuildFile; fileRef = ADC52A3A2BFB78E300299564 /* HomeViewController.swift */; };
		ADC52A3E2BFB79E900299564 /* HomeCoordinator.swift in Sources */ = {isa = PBXBuildFile; fileRef = ADC52A3D2BFB79E900299564 /* HomeCoordinator.swift */; };
		ADC52A412BFB7FCE00299564 /* HomeViewModel.swift in Sources */ = {isa = PBXBuildFile; fileRef = ADC52A402BFB7FCE00299564 /* HomeViewModel.swift */; };
		ADC52A442BFB807D00299564 /* HomeServices.swift in Sources */ = {isa = PBXBuildFile; fileRef = ADC52A432BFB807D00299564 /* HomeServices.swift */; };
		ADC52A482BFB884000299564 /* ConfigurationManager.swift in Sources */ = {isa = PBXBuildFile; fileRef = ADC52A472BFB884000299564 /* ConfigurationManager.swift */; };
/* End PBXBuildFile section */

/* Begin PBXFileReference section */
		AD6952D82BFA265900DADF50 /* NetflixClone-UIKit.app */ = {isa = PBXFileReference; explicitFileType = wrapper.application; includeInIndex = 0; path = "NetflixClone-UIKit.app"; sourceTree = BUILT_PRODUCTS_DIR; };
		AD6952DB2BFA265900DADF50 /* AppDelegate.swift */ = {isa = PBXFileReference; lastKnownFileType = sourcecode.swift; path = AppDelegate.swift; sourceTree = "<group>"; };
		AD6952DD2BFA265900DADF50 /* SceneDelegate.swift */ = {isa = PBXFileReference; lastKnownFileType = sourcecode.swift; path = SceneDelegate.swift; sourceTree = "<group>"; };
		AD6952E42BFA265B00DADF50 /* Assets.xcassets */ = {isa = PBXFileReference; lastKnownFileType = folder.assetcatalog; path = Assets.xcassets; sourceTree = "<group>"; };
		AD6952E72BFA265B00DADF50 /* Base */ = {isa = PBXFileReference; lastKnownFileType = file.storyboard; name = Base; path = Base.lproj/LaunchScreen.storyboard; sourceTree = "<group>"; };
		AD6952E92BFA265B00DADF50 /* Info.plist */ = {isa = PBXFileReference; lastKnownFileType = text.plist.xml; path = Info.plist; sourceTree = "<group>"; };
		AD6952F52BFA2F8D00DADF50 /* Networker.swift */ = {isa = PBXFileReference; lastKnownFileType = sourcecode.swift; path = Networker.swift; sourceTree = "<group>"; };
		AD6952F72BFA300400DADF50 /* NetworkError.swift */ = {isa = PBXFileReference; lastKnownFileType = sourcecode.swift; path = NetworkError.swift; sourceTree = "<group>"; };
		AD6952FA2BFA307300DADF50 /* NetworkFactory.swift */ = {isa = PBXFileReference; lastKnownFileType = sourcecode.swift; path = NetworkFactory.swift; sourceTree = "<group>"; };
		AD6952FD2BFA357900DADF50 /* Data+Extension.swift */ = {isa = PBXFileReference; lastKnownFileType = sourcecode.swift; path = "Data+Extension.swift"; sourceTree = "<group>"; };
		AD7DBDFB2C00BC0000403D38 /* MainTabBarViewController.swift */ = {isa = PBXFileReference; lastKnownFileType = sourcecode.swift; path = MainTabBarViewController.swift; sourceTree = "<group>"; };
		AD7DBDFE2C00BF6500403D38 /* TabBarCoordinator.swift */ = {isa = PBXFileReference; lastKnownFileType = sourcecode.swift; path = TabBarCoordinator.swift; sourceTree = "<group>"; };
		AD7DBE042C00C3BC00403D38 /* FavoriteViewController.swift */ = {isa = PBXFileReference; lastKnownFileType = sourcecode.swift; path = FavoriteViewController.swift; sourceTree = "<group>"; };
		AD7DBE062C00C3D700403D38 /* SearchViewController.swift */ = {isa = PBXFileReference; lastKnownFileType = sourcecode.swift; path = SearchViewController.swift; sourceTree = "<group>"; };
		ADC52A342BFB769300299564 /* Coordinator.swift */ = {isa = PBXFileReference; lastKnownFileType = sourcecode.swift; path = Coordinator.swift; sourceTree = "<group>"; };
		ADC52A372BFB77FE00299564 /* MainCoordinator.swift */ = {isa = PBXFileReference; lastKnownFileType = sourcecode.swift; path = MainCoordinator.swift; sourceTree = "<group>"; };
		ADC52A3A2BFB78E300299564 /* HomeViewController.swift */ = {isa = PBXFileReference; lastKnownFileType = sourcecode.swift; path = HomeViewController.swift; sourceTree = "<group>"; };
		ADC52A3D2BFB79E900299564 /* HomeCoordinator.swift */ = {isa = PBXFileReference; lastKnownFileType = sourcecode.swift; path = HomeCoordinator.swift; sourceTree = "<group>"; };
		ADC52A402BFB7FCE00299564 /* HomeViewModel.swift */ = {isa = PBXFileReference; lastKnownFileType = sourcecode.swift; path = HomeViewModel.swift; sourceTree = "<group>"; };
		ADC52A432BFB807D00299564 /* HomeServices.swift */ = {isa = PBXFileReference; lastKnownFileType = sourcecode.swift; path = HomeServices.swift; sourceTree = "<group>"; };
		ADC52A462BFB879600299564 /* AppConfig.xcconfig */ = {isa = PBXFileReference; lastKnownFileType = text.xcconfig; path = AppConfig.xcconfig; sourceTree = "<group>"; };
		ADC52A472BFB884000299564 /* ConfigurationManager.swift */ = {isa = PBXFileReference; lastKnownFileType = sourcecode.swift; path = ConfigurationManager.swift; sourceTree = "<group>"; };
/* End PBXFileReference section */

/* Begin PBXFrameworksBuildPhase section */
		AD6952D52BFA265900DADF50 /* Frameworks */ = {
			isa = PBXFrameworksBuildPhase;
			buildActionMask = 2147483647;
			files = (
			);
			runOnlyForDeploymentPostprocessing = 0;
		};
/* End PBXFrameworksBuildPhase section */

/* Begin PBXGroup section */
		AD6952CF2BFA265900DADF50 = {
			isa = PBXGroup;
			children = (
				AD6952DA2BFA265900DADF50 /* NetflixClone-UIKit */,
				AD6952D92BFA265900DADF50 /* Products */,
			);
			sourceTree = "<group>";
		};
		AD6952D92BFA265900DADF50 /* Products */ = {
			isa = PBXGroup;
			children = (
				AD6952D82BFA265900DADF50 /* NetflixClone-UIKit.app */,
			);
			name = Products;
			sourceTree = "<group>";
		};
		AD6952DA2BFA265900DADF50 /* NetflixClone-UIKit */ = {
			isa = PBXGroup;
			children = (
				AD6952EF2BFA280100DADF50 /* Application */,
				AD6952F22BFA28FB00DADF50 /* Domain */,
				AD6952FC2BFA352F00DADF50 /* Extension */,
				AD6952F32BFA2E9A00DADF50 /* Infrastructure */,
				AD6952F12BFA28F500DADF50 /* Presentation */,
				AD6952F02BFA281800DADF50 /* Resource */,
			);
			path = "NetflixClone-UIKit";
			sourceTree = "<group>";
		};
		AD6952EF2BFA280100DADF50 /* Application */ = {
			isa = PBXGroup;
			children = (
				ADC52A452BFB875100299564 /* Configuration */,
				AD6952DB2BFA265900DADF50 /* AppDelegate.swift */,
				AD6952DD2BFA265900DADF50 /* SceneDelegate.swift */,
			);
			path = Application;
			sourceTree = "<group>";
		};
		AD6952F02BFA281800DADF50 /* Resource */ = {
			isa = PBXGroup;
			children = (
				AD6952E92BFA265B00DADF50 /* Info.plist */,
				AD6952E62BFA265B00DADF50 /* LaunchScreen.storyboard */,
				AD6952E42BFA265B00DADF50 /* Assets.xcassets */,
			);
			path = Resource;
			sourceTree = "<group>";
		};
		AD6952F12BFA28F500DADF50 /* Presentation */ = {
			isa = PBXGroup;
			children = (
				AD7DBDFA2C00BBC700403D38 /* TabBar */,
				ADC52A332BFB768500299564 /* Navigation */,
				ADC52A392BFB78D200299564 /* Home */,
				AD7DBE002C00C34A00403D38 /* Search */,
				AD7DBE012C00C35900403D38 /* Favorite */,
			);
			path = Presentation;
			sourceTree = "<group>";
		};
		AD6952F22BFA28FB00DADF50 /* Domain */ = {
			isa = PBXGroup;
			children = (
			);
			path = Domain;
			sourceTree = "<group>";
		};
		AD6952F32BFA2E9A00DADF50 /* Infrastructure */ = {
			isa = PBXGroup;
			children = (
				ADC52A422BFB801A00299564 /* Services */,
				AD6952F42BFA2EA800DADF50 /* Network */,
			);
			path = Infrastructure;
			sourceTree = "<group>";
		};
		AD6952F42BFA2EA800DADF50 /* Network */ = {
			isa = PBXGroup;
			children = (
				AD6952F52BFA2F8D00DADF50 /* Networker.swift */,
				AD6952F72BFA300400DADF50 /* NetworkError.swift */,
				AD6952FA2BFA307300DADF50 /* NetworkFactory.swift */,
			);
			path = Network;
			sourceTree = "<group>";
		};
		AD6952FC2BFA352F00DADF50 /* Extension */ = {
			isa = PBXGroup;
			children = (
				AD6952FD2BFA357900DADF50 /* Data+Extension.swift */,
			);
			path = Extension;
			sourceTree = "<group>";
		};
		AD7DBDFA2C00BBC700403D38 /* TabBar */ = {
			isa = PBXGroup;
			children = (
				AD7DBDFB2C00BC0000403D38 /* MainTabBarViewController.swift */,
			);
			path = TabBar;
			sourceTree = "<group>";
		};
		AD7DBE002C00C34A00403D38 /* Search */ = {
			isa = PBXGroup;
			children = (
				AD7DBE062C00C3D700403D38 /* SearchViewController.swift */,
			);
			path = Search;
			sourceTree = "<group>";
		};
		AD7DBE012C00C35900403D38 /* Favorite */ = {
			isa = PBXGroup;
			children = (
				AD7DBE042C00C3BC00403D38 /* FavoriteViewController.swift */,
			);
			path = Favorite;
			sourceTree = "<group>";
		};
		ADC52A332BFB768500299564 /* Navigation */ = {
			isa = PBXGroup;
			children = (
				ADC52A342BFB769300299564 /* Coordinator.swift */,
				ADC52A372BFB77FE00299564 /* MainCoordinator.swift */,
				ADC52A3D2BFB79E900299564 /* HomeCoordinator.swift */,
				AD7DBDFE2C00BF6500403D38 /* TabBarCoordinator.swift */,
			);
			path = Navigation;
			sourceTree = "<group>";
		};
		ADC52A392BFB78D200299564 /* Home */ = {
			isa = PBXGroup;
			children = (
				ADC52A3F2BFB7FC100299564 /* ViewModel */,
				ADC52A3C2BFB790200299564 /* View */,
			);
			path = Home;
			sourceTree = "<group>";
		};
		ADC52A3C2BFB790200299564 /* View */ = {
			isa = PBXGroup;
			children = (
				ADC52A3A2BFB78E300299564 /* HomeViewController.swift */,
			);
			path = View;
			sourceTree = "<group>";
		};
		ADC52A3F2BFB7FC100299564 /* ViewModel */ = {
			isa = PBXGroup;
			children = (
				ADC52A402BFB7FCE00299564 /* HomeViewModel.swift */,
			);
			path = ViewModel;
			sourceTree = "<group>";
		};
		ADC52A422BFB801A00299564 /* Services */ = {
			isa = PBXGroup;
			children = (
				ADC52A432BFB807D00299564 /* HomeServices.swift */,
			);
			path = Services;
			sourceTree = "<group>";
		};
		ADC52A452BFB875100299564 /* Configuration */ = {
			isa = PBXGroup;
			children = (
				ADC52A462BFB879600299564 /* AppConfig.xcconfig */,
				ADC52A472BFB884000299564 /* ConfigurationManager.swift */,
			);
			path = Configuration;
			sourceTree = "<group>";
		};
/* End PBXGroup section */

/* Begin PBXNativeTarget section */
		AD6952D72BFA265900DADF50 /* NetflixClone-UIKit */ = {
			isa = PBXNativeTarget;
			buildConfigurationList = AD6952EC2BFA265B00DADF50 /* Build configuration list for PBXNativeTarget "NetflixClone-UIKit" */;
			buildPhases = (
				AD6952D42BFA265900DADF50 /* Sources */,
				AD6952D52BFA265900DADF50 /* Frameworks */,
				AD6952D62BFA265900DADF50 /* Resources */,
			);
			buildRules = (
			);
			dependencies = (
			);
			name = "NetflixClone-UIKit";
			productName = "NetflixClone-UIKit";
			productReference = AD6952D82BFA265900DADF50 /* NetflixClone-UIKit.app */;
			productType = "com.apple.product-type.application";
		};
/* End PBXNativeTarget section */

/* Begin PBXProject section */
		AD6952D02BFA265900DADF50 /* Project object */ = {
			isa = PBXProject;
			attributes = {
				BuildIndependentTargetsInParallel = 1;
				LastSwiftUpdateCheck = 1540;
				LastUpgradeCheck = 1540;
				TargetAttributes = {
					AD6952D72BFA265900DADF50 = {
						CreatedOnToolsVersion = 15.4;
					};
				};
			};
			buildConfigurationList = AD6952D32BFA265900DADF50 /* Build configuration list for PBXProject "NetflixClone-UIKit" */;
			compatibilityVersion = "Xcode 14.0";
			developmentRegion = en;
			hasScannedForEncodings = 0;
			knownRegions = (
				en,
				Base,
			);
			mainGroup = AD6952CF2BFA265900DADF50;
			productRefGroup = AD6952D92BFA265900DADF50 /* Products */;
			projectDirPath = "";
			projectRoot = "";
			targets = (
				AD6952D72BFA265900DADF50 /* NetflixClone-UIKit */,
			);
		};
/* End PBXProject section */

/* Begin PBXResourcesBuildPhase section */
		AD6952D62BFA265900DADF50 /* Resources */ = {
			isa = PBXResourcesBuildPhase;
			buildActionMask = 2147483647;
			files = (
				AD6952E52BFA265B00DADF50 /* Assets.xcassets in Resources */,
				AD6952E82BFA265B00DADF50 /* Base in Resources */,
			);
			runOnlyForDeploymentPostprocessing = 0;
		};
/* End PBXResourcesBuildPhase section */

/* Begin PBXSourcesBuildPhase section */
		AD6952D42BFA265900DADF50 /* Sources */ = {
			isa = PBXSourcesBuildPhase;
			buildActionMask = 2147483647;
			files = (
				ADC52A352BFB769300299564 /* Coordinator.swift in Sources */,
				ADC52A412BFB7FCE00299564 /* HomeViewModel.swift in Sources */,
				AD6952FE2BFA357900DADF50 /* Data+Extension.swift in Sources */,
				AD7DBE072C00C3D700403D38 /* SearchViewController.swift in Sources */,
				AD7DBDFC2C00BC0000403D38 /* MainTabBarViewController.swift in Sources */,
				AD6952DC2BFA265900DADF50 /* AppDelegate.swift in Sources */,
				AD6952DE2BFA265900DADF50 /* SceneDelegate.swift in Sources */,
				AD6952FB2BFA307300DADF50 /* NetworkFactory.swift in Sources */,
				ADC52A442BFB807D00299564 /* HomeServices.swift in Sources */,
				AD7DBDFF2C00BF6500403D38 /* TabBarCoordinator.swift in Sources */,
				ADC52A3B2BFB78E300299564 /* HomeViewController.swift in Sources */,
				ADC52A482BFB884000299564 /* ConfigurationManager.swift in Sources */,
				AD7DBE052C00C3BC00403D38 /* FavoriteViewController.swift in Sources */,
				AD6952F62BFA2F8D00DADF50 /* Networker.swift in Sources */,
				ADC52A3E2BFB79E900299564 /* HomeCoordinator.swift in Sources */,
				ADC52A382BFB77FE00299564 /* MainCoordinator.swift in Sources */,
				AD6952F82BFA300400DADF50 /* NetworkError.swift in Sources */,
			);
			runOnlyForDeploymentPostprocessing = 0;
		};
/* End PBXSourcesBuildPhase section */

/* Begin PBXVariantGroup section */
		AD6952E62BFA265B00DADF50 /* LaunchScreen.storyboard */ = {
			isa = PBXVariantGroup;
			children = (
				AD6952E72BFA265B00DADF50 /* Base */,
			);
			name = LaunchScreen.storyboard;
			sourceTree = "<group>";
		};
/* End PBXVariantGroup section */

/* Begin XCBuildConfiguration section */
		AD6952EA2BFA265B00DADF50 /* Debug */ = {
			isa = XCBuildConfiguration;
			buildSettings = {
				ALWAYS_SEARCH_USER_PATHS = NO;
				ASSETCATALOG_COMPILER_GENERATE_SWIFT_ASSET_SYMBOL_EXTENSIONS = YES;
				CLANG_ANALYZER_NONNULL = YES;
				CLANG_ANALYZER_NUMBER_OBJECT_CONVERSION = YES_AGGRESSIVE;
				CLANG_CXX_LANGUAGE_STANDARD = "gnu++20";
				CLANG_ENABLE_MODULES = YES;
				CLANG_ENABLE_OBJC_ARC = YES;
				CLANG_ENABLE_OBJC_WEAK = YES;
				CLANG_WARN_BLOCK_CAPTURE_AUTORELEASING = YES;
				CLANG_WARN_BOOL_CONVERSION = YES;
				CLANG_WARN_COMMA = YES;
				CLANG_WARN_CONSTANT_CONVERSION = YES;
				CLANG_WARN_DEPRECATED_OBJC_IMPLEMENTATIONS = YES;
				CLANG_WARN_DIRECT_OBJC_ISA_USAGE = YES_ERROR;
				CLANG_WARN_DOCUMENTATION_COMMENTS = YES;
				CLANG_WARN_EMPTY_BODY = YES;
				CLANG_WARN_ENUM_CONVERSION = YES;
				CLANG_WARN_INFINITE_RECURSION = YES;
				CLANG_WARN_INT_CONVERSION = YES;
				CLANG_WARN_NON_LITERAL_NULL_CONVERSION = YES;
				CLANG_WARN_OBJC_IMPLICIT_RETAIN_SELF = YES;
				CLANG_WARN_OBJC_LITERAL_CONVERSION = YES;
				CLANG_WARN_OBJC_ROOT_CLASS = YES_ERROR;
				CLANG_WARN_QUOTED_INCLUDE_IN_FRAMEWORK_HEADER = YES;
				CLANG_WARN_RANGE_LOOP_ANALYSIS = YES;
				CLANG_WARN_STRICT_PROTOTYPES = YES;
				CLANG_WARN_SUSPICIOUS_MOVE = YES;
				CLANG_WARN_UNGUARDED_AVAILABILITY = YES_AGGRESSIVE;
				CLANG_WARN_UNREACHABLE_CODE = YES;
				CLANG_WARN__DUPLICATE_METHOD_MATCH = YES;
				COPY_PHASE_STRIP = NO;
				DEBUG_INFORMATION_FORMAT = dwarf;
				ENABLE_STRICT_OBJC_MSGSEND = YES;
				ENABLE_TESTABILITY = YES;
				ENABLE_USER_SCRIPT_SANDBOXING = YES;
				GCC_C_LANGUAGE_STANDARD = gnu17;
				GCC_DYNAMIC_NO_PIC = NO;
				GCC_NO_COMMON_BLOCKS = YES;
				GCC_OPTIMIZATION_LEVEL = 0;
				GCC_PREPROCESSOR_DEFINITIONS = (
					"DEBUG=1",
					"$(inherited)",
				);
				GCC_WARN_64_TO_32_BIT_CONVERSION = YES;
				GCC_WARN_ABOUT_RETURN_TYPE = YES_ERROR;
				GCC_WARN_UNDECLARED_SELECTOR = YES;
				GCC_WARN_UNINITIALIZED_AUTOS = YES_AGGRESSIVE;
				GCC_WARN_UNUSED_FUNCTION = YES;
				GCC_WARN_UNUSED_VARIABLE = YES;
				IPHONEOS_DEPLOYMENT_TARGET = 13.0;
				LOCALIZATION_PREFERS_STRING_CATALOGS = YES;
				MTL_ENABLE_DEBUG_INFO = INCLUDE_SOURCE;
				MTL_FAST_MATH = YES;
				ONLY_ACTIVE_ARCH = YES;
				SDKROOT = iphoneos;
				SWIFT_ACTIVE_COMPILATION_CONDITIONS = "DEBUG $(inherited)";
				SWIFT_OPTIMIZATION_LEVEL = "-Onone";
			};
			name = Debug;
		};
		AD6952EB2BFA265B00DADF50 /* Release */ = {
			isa = XCBuildConfiguration;
			buildSettings = {
				ALWAYS_SEARCH_USER_PATHS = NO;
				ASSETCATALOG_COMPILER_GENERATE_SWIFT_ASSET_SYMBOL_EXTENSIONS = YES;
				CLANG_ANALYZER_NONNULL = YES;
				CLANG_ANALYZER_NUMBER_OBJECT_CONVERSION = YES_AGGRESSIVE;
				CLANG_CXX_LANGUAGE_STANDARD = "gnu++20";
				CLANG_ENABLE_MODULES = YES;
				CLANG_ENABLE_OBJC_ARC = YES;
				CLANG_ENABLE_OBJC_WEAK = YES;
				CLANG_WARN_BLOCK_CAPTURE_AUTORELEASING = YES;
				CLANG_WARN_BOOL_CONVERSION = YES;
				CLANG_WARN_COMMA = YES;
				CLANG_WARN_CONSTANT_CONVERSION = YES;
				CLANG_WARN_DEPRECATED_OBJC_IMPLEMENTATIONS = YES;
				CLANG_WARN_DIRECT_OBJC_ISA_USAGE = YES_ERROR;
				CLANG_WARN_DOCUMENTATION_COMMENTS = YES;
				CLANG_WARN_EMPTY_BODY = YES;
				CLANG_WARN_ENUM_CONVERSION = YES;
				CLANG_WARN_INFINITE_RECURSION = YES;
				CLANG_WARN_INT_CONVERSION = YES;
				CLANG_WARN_NON_LITERAL_NULL_CONVERSION = YES;
				CLANG_WARN_OBJC_IMPLICIT_RETAIN_SELF = YES;
				CLANG_WARN_OBJC_LITERAL_CONVERSION = YES;
				CLANG_WARN_OBJC_ROOT_CLASS = YES_ERROR;
				CLANG_WARN_QUOTED_INCLUDE_IN_FRAMEWORK_HEADER = YES;
				CLANG_WARN_RANGE_LOOP_ANALYSIS = YES;
				CLANG_WARN_STRICT_PROTOTYPES = YES;
				CLANG_WARN_SUSPICIOUS_MOVE = YES;
				CLANG_WARN_UNGUARDED_AVAILABILITY = YES_AGGRESSIVE;
				CLANG_WARN_UNREACHABLE_CODE = YES;
				CLANG_WARN__DUPLICATE_METHOD_MATCH = YES;
				COPY_PHASE_STRIP = NO;
				DEBUG_INFORMATION_FORMAT = "dwarf-with-dsym";
				ENABLE_NS_ASSERTIONS = NO;
				ENABLE_STRICT_OBJC_MSGSEND = YES;
				ENABLE_USER_SCRIPT_SANDBOXING = YES;
				GCC_C_LANGUAGE_STANDARD = gnu17;
				GCC_NO_COMMON_BLOCKS = YES;
				GCC_WARN_64_TO_32_BIT_CONVERSION = YES;
				GCC_WARN_ABOUT_RETURN_TYPE = YES_ERROR;
				GCC_WARN_UNDECLARED_SELECTOR = YES;
				GCC_WARN_UNINITIALIZED_AUTOS = YES_AGGRESSIVE;
				GCC_WARN_UNUSED_FUNCTION = YES;
				GCC_WARN_UNUSED_VARIABLE = YES;
				IPHONEOS_DEPLOYMENT_TARGET = 13.0;
				LOCALIZATION_PREFERS_STRING_CATALOGS = YES;
				MTL_ENABLE_DEBUG_INFO = NO;
				MTL_FAST_MATH = YES;
				SDKROOT = iphoneos;
				SWIFT_COMPILATION_MODE = wholemodule;
				VALIDATE_PRODUCT = YES;
			};
			name = Release;
		};
		AD6952ED2BFA265B00DADF50 /* Debug */ = {
			isa = XCBuildConfiguration;
			buildSettings = {
				ASSETCATALOG_COMPILER_APPICON_NAME = AppIcon;
				ASSETCATALOG_COMPILER_GLOBAL_ACCENT_COLOR_NAME = AccentColor;
				CODE_SIGN_STYLE = Automatic;
				CURRENT_PROJECT_VERSION = 1;
				DEVELOPMENT_TEAM = XDB22KM8KS;
				GENERATE_INFOPLIST_FILE = YES;
				INFOPLIST_FILE = "NetflixClone-UIKit/Resource/Info.plist";
				INFOPLIST_KEY_UIApplicationSupportsIndirectInputEvents = YES;
				INFOPLIST_KEY_UILaunchStoryboardName = LaunchScreen;
				INFOPLIST_KEY_UIMainStoryboardFile = "";
				INFOPLIST_KEY_UISupportedInterfaceOrientations_iPad = "UIInterfaceOrientationPortrait UIInterfaceOrientationPortraitUpsideDown UIInterfaceOrientationLandscapeLeft UIInterfaceOrientationLandscapeRight";
				INFOPLIST_KEY_UISupportedInterfaceOrientations_iPhone = "UIInterfaceOrientationPortrait UIInterfaceOrientationLandscapeLeft UIInterfaceOrientationLandscapeRight";
				IPHONEOS_DEPLOYMENT_TARGET = 13.0;
				LD_RUNPATH_SEARCH_PATHS = (
					"$(inherited)",
					"@executable_path/Frameworks",
				);
				MARKETING_VERSION = 1.0;
				PRODUCT_BUNDLE_IDENTIFIER = "com.rraccoon.NetflixClone-UIKit";
				PRODUCT_NAME = "$(TARGET_NAME)";
				SWIFT_EMIT_LOC_STRINGS = YES;
				SWIFT_VERSION = 5.0;
				TARGETED_DEVICE_FAMILY = "1,2";
			};
			name = Debug;
		};
		AD6952EE2BFA265B00DADF50 /* Release */ = {
			isa = XCBuildConfiguration;
			buildSettings = {
				ASSETCATALOG_COMPILER_APPICON_NAME = AppIcon;
				ASSETCATALOG_COMPILER_GLOBAL_ACCENT_COLOR_NAME = AccentColor;
				CODE_SIGN_STYLE = Automatic;
				CURRENT_PROJECT_VERSION = 1;
				DEVELOPMENT_TEAM = XDB22KM8KS;
				GENERATE_INFOPLIST_FILE = YES;
				INFOPLIST_FILE = "NetflixClone-UIKit/Resource/Info.plist";
				INFOPLIST_KEY_UIApplicationSupportsIndirectInputEvents = YES;
				INFOPLIST_KEY_UILaunchStoryboardName = LaunchScreen;
				INFOPLIST_KEY_UIMainStoryboardFile = "";
				INFOPLIST_KEY_UISupportedInterfaceOrientations_iPad = "UIInterfaceOrientationPortrait UIInterfaceOrientationPortraitUpsideDown UIInterfaceOrientationLandscapeLeft UIInterfaceOrientationLandscapeRight";
				INFOPLIST_KEY_UISupportedInterfaceOrientations_iPhone = "UIInterfaceOrientationPortrait UIInterfaceOrientationLandscapeLeft UIInterfaceOrientationLandscapeRight";
				IPHONEOS_DEPLOYMENT_TARGET = 13.0;
				LD_RUNPATH_SEARCH_PATHS = (
					"$(inherited)",
					"@executable_path/Frameworks",
				);
				MARKETING_VERSION = 1.0;
				PRODUCT_BUNDLE_IDENTIFIER = "com.rraccoon.NetflixClone-UIKit";
				PRODUCT_NAME = "$(TARGET_NAME)";
				SWIFT_EMIT_LOC_STRINGS = YES;
				SWIFT_VERSION = 5.0;
				TARGETED_DEVICE_FAMILY = "1,2";
			};
			name = Release;
		};
/* End XCBuildConfiguration section */

/* Begin XCConfigurationList section */
		AD6952D32BFA265900DADF50 /* Build configuration list for PBXProject "NetflixClone-UIKit" */ = {
			isa = XCConfigurationList;
			buildConfigurations = (
				AD6952EA2BFA265B00DADF50 /* Debug */,
				AD6952EB2BFA265B00DADF50 /* Release */,
			);
			defaultConfigurationIsVisible = 0;
			defaultConfigurationName = Release;
		};
		AD6952EC2BFA265B00DADF50 /* Build configuration list for PBXNativeTarget "NetflixClone-UIKit" */ = {
			isa = XCConfigurationList;
			buildConfigurations = (
				AD6952ED2BFA265B00DADF50 /* Debug */,
				AD6952EE2BFA265B00DADF50 /* Release */,
			);
			defaultConfigurationIsVisible = 0;
			defaultConfigurationName = Release;
		};
/* End XCConfigurationList section */
	};
	rootObject = AD6952D02BFA265900DADF50 /* Project object */;
}
